[[package]]
name = "credits.aleo"
network = "testnet"
location = "network"
checksum = "e185a49fba7f5e477c3fedf8968be9912ae7d8db34531c246041e899175e4d33"
dependencies = []

[[package]]
name = "token_registry.aleo"
network = "testnet"
location = "network"
checksum = "d799ce57446bce0fc761722244c03f2c462f8f4db945e804a834e8409db5c203"
dependencies = ["credits.aleo"]

[[package]]
name = "zerosecure_wallet_manager_v5.aleo"
network = "testnet"
location = "local"
path = "/home/kali/Projects/zerosecure-multisig-program/zerosecure_governance_manager/../zerosecure_wallet_manager"
checksum = "fbc7c34781060023f3becdf69c9cae7028420a480e13146fcc69f892f0fd2a67"
dependencies = ["token_registry.aleo"]
